{
  "name": "tests",
  "version": "1.0.0",
  "lockfileVersion": 3,
  "requires": true,
  "packages": {
    "": {
      "name": "tests",
      "version": "1.0.0",
      "license": "ISC",
      "dependencies": {
        "acme-http-01-standalone": "^3.0.5",
        "greenlock": "^2.8.9",
        "greenlock-store-fs": "^3.2.2"
      }
    },
    "node_modules/@root/mkdirp": {
      "version": "1.0.0",
      "resolved": "https://registry.npmjs.org/@root/mkdirp/-/mkdirp-1.0.0.tgz",
      "integrity": "sha512-hxGAYUx5029VggfG+U9naAhQkoMSXtOeXtbql97m3Hi6/sQSRL/4khKZPyOF6w11glyCOU38WCNLu9nUcSjOfA=="
    },
    "node_modules/@root/request": {
      "version": "1.9.2",
      "resolved": "https://registry.npmjs.org/@root/request/-/request-1.9.2.tgz",
      "integrity": "sha512-wVaL9yVV9oDR9UNbPZa20qgY+4Ch6YN8JUkaE4el/uuS5dmhD8Lusm/ku8qJVNtmQA56XLzEDCRS6/vfpiHK2A=="
    },
    "node_modules/acme": {
      "version": "1.3.5",
      "resolved": "https://registry.npmjs.org/acme/-/acme-1.3.5.tgz",
      "integrity": "sha512-KIFVyMho7y3RxRSTzkuX031TmfXwzl0ioy8+r2pnfLz6YWFQ5q7a/cYUDTgIbrFMPe/syY26Qv1DOdHQ5ARWcw==",
      "dependencies": {
        "acme-v2": "^1.8.6"
      }
    },
    "node_modules/acme-dns-01-cli": {
      "version": "3.0.7",
      "resolved": "https://registry.npmjs.org/acme-dns-01-cli/-/acme-dns-01-cli-3.0.7.tgz",
      "integrity": "sha512-Aa4bUpq6ftX1VODiShOetOY5U0tsXY5EV7+fQwme3Q8Y9rjYBArBXHgFCAVKtK1AF+Ev8pIuF6Z42hzMFa73/w=="
    },
    "node_modules/acme-http-01-standalone": {
      "version": "3.0.5",
      "resolved": "https://registry.npmjs.org/acme-http-01-standalone/-/acme-http-01-standalone-3.0.5.tgz",
      "integrity": "sha512-W4GfK+39GZ+u0mvxRVUcVFCG6gposfzEnSBF20T/NUwWAKG59wQT1dUbS1NixRIAsRuhpGc4Jx659cErFQH0Pg=="
    },
    "node_modules/acme-v2": {
      "version": "1.8.7",
      "resolved": "https://registry.npmjs.org/acme-v2/-/acme-v2-1.8.7.tgz",
      "integrity": "sha512-N0pK8UwboHs+rrmU72c3E9iO7L8meRiknFd5UQT1bH0sAjdNitraVcTIeoqb424CEOLuurrmOdqBWu0v5IuJXQ==",
      "dependencies": {
        "@root/request": "^1.3.11",
        "rsa-compat": "^2.0.8"
      }
    },
    "node_modules/cert-info": {
      "version": "1.5.1",
      "resolved": "https://registry.npmjs.org/cert-info/-/cert-info-1.5.1.tgz",
      "integrity": "sha512-eoQC/yAgW3gKTKxjzyClvi+UzuY97YCjcl+lSqbsGIy7HeGaWxCPOQFivhUYm27hgsBMhsJJFya3kGvK6PMIcQ==",
      "bin": {
        "cert-info": "bin/cert-info.js"
      }
    },
    "node_modules/eckles": {
      "version": "1.4.1",
      "resolved": "https://registry.npmjs.org/eckles/-/eckles-1.4.1.tgz",
      "integrity": "sha512-auWyk/k8oSkVHaD4RxkPadKsLUcIwKgr/h8F7UZEueFDBO7BsE4y+H6IMUDbfqKIFPg/9MxV6KcBdJCmVVcxSA==",
      "bin": {
        "eckles": "bin/eckles.js"
      }
    },
    "node_modules/greenlock": {
      "version": "2.8.9",
      "resolved": "https://registry.npmjs.org/greenlock/-/greenlock-2.8.9.tgz",
      "integrity": "sha512-lqwqqvHWwMl4p7GRIbiscoAhRIiCKeY3m/L1Cl24LWxhU8YHPKCbMCnejjdGIMte6RBHxKCMAuOGbpCcGo7TWQ==",
      "dependencies": {
        "acme": "^1.3.5",
        "acme-dns-01-cli": "^3.0.0",
        "acme-v2": "^1.8.7",
        "cert-info": "^1.5.1",
        "greenlock-store-fs": "^3.0.2",
        "keypairs": "^1.2.14",
        "le-challenge-fs": "^2.0.2",
        "le-sni-auto": "^2.1.9",
        "le-store-certbot": "^2.2.4",
        "rsa-compat": "^2.0.8"
      },
      "engines": {
        "node": ">=4.5"
      }
    },
    "node_modules/greenlock-store-fs": {
      "version": "3.2.2",
      "resolved": "https://registry.npmjs.org/greenlock-store-fs/-/greenlock-store-fs-3.2.2.tgz",
      "integrity": "sha512-92ejLB4DyV4qv/2b6VLGF2nKfYQeIfg3o+e/1cIoYLjlIaUFdbBXkzLTRozFlHsQPZt2ALi5qYrpC9IwH7GK8A==",
      "dependencies": {
        "@root/mkdirp": "^1.0.0",
        "safe-replace": "^1.1.0"
      }
    },
    "node_modules/keypairs": {
      "version": "1.2.14",
      "resolved": "https://registry.npmjs.org/keypairs/-/keypairs-1.2.14.tgz",
      "integrity": "sha512-ZoZfZMygyB0QcjSlz7Rh6wT2CJasYEHBPETtmHZEfxuJd7bnsOG5AdtPZqHZBT+hoHvuWCp/4y8VmvTvH0Y9uA==",
      "dependencies": {
        "eckles": "^1.4.1",
        "rasha": "^1.2.4"
      },
      "bin": {
        "keypairs-install": "bin/keypairs.js"
      }
    },
    "node_modules/le-challenge-fs": {
      "version": "2.0.9",
      "resolved": "https://registry.npmjs.org/le-challenge-fs/-/le-challenge-fs-2.0.9.tgz",
      "integrity": "sha512-stzI6rxd+aXGxBl87QJKKY/i/wl3uz6EoWzX2xSazJvCPSYBQys1RVNgOcf0SfUQPh6TBCFJFSJkiR4mznb4sg==",
      "dependencies": {
        "@root/mkdirp": "^1.0.0"
      }
    },
    "node_modules/le-sni-auto": {
      "version": "2.1.9",
      "resolved": "https://registry.npmjs.org/le-sni-auto/-/le-sni-auto-2.1.9.tgz",
      "integrity": "sha512-QmQHNwQDi/56GY8+qczFZ06FZbxaeJQjbjEhwwQHhkJ9IHhIQFkPfCT/OyDfLj4gqLIrg5ZX8CemxxVZnLEYfg=="
    },
    "node_modules/le-store-certbot": {
      "version": "2.2.4",
      "resolved": "https://registry.npmjs.org/le-store-certbot/-/le-store-certbot-2.2.4.tgz",
      "integrity": "sha512-PC+fZuwZtWnC3x9LVbmoxMSzPO2CpE5PDv1NmYkbuMjw38dep4xAC8GUdlAolQVvnd8zmuviKe5i+45G3CGEvQ==",
      "dependencies": {
        "@root/mkdirp": "^1.0.0",
        "pyconf": "^1.1.7",
        "safe-replace": "^1.1.0"
      }
    },
    "node_modules/pyconf": {
      "version": "1.1.7",
      "resolved": "https://registry.npmjs.org/pyconf/-/pyconf-1.1.7.tgz",
      "integrity": "sha512-v4clh33m68sjtMsh8XMpjhGWb/MQODAYZ1y7ORG5Qv58UK25OddoB+oXyexgDkK8ttFui/lZm2sQDgA2Ftjfkw==",
      "dependencies": {
        "safe-replace": "^1.0.2"
      }
    },
    "node_modules/rasha": {
      "version": "1.2.5",
      "resolved": "https://registry.npmjs.org/rasha/-/rasha-1.2.5.tgz",
      "integrity": "sha512-KxtX+/fBk+wM7O3CNgwjSh5elwFilLvqWajhr6wFr2Hd63JnKTTi43Tw+Jb1hxJQWOwoya+NZWR2xztn3hCrTw==",
      "bin": {
        "rasha": "bin/rasha.js"
      }
    },
    "node_modules/rsa-compat": {
      "version": "2.0.8",
      "resolved": "https://registry.npmjs.org/rsa-compat/-/rsa-compat-2.0.8.tgz",
      "integrity": "sha512-BFiiSEbuxzsVdaxpejbxfX07qs+rtous49Y6mL/zw6YHh9cranDvm2BvBmqT3rso84IsxNlP5BXnuNvm1Wn3Tw==",
      "dependencies": {
        "keypairs": "^1.2.14"
      },
      "bin": {
        "rsa-keygen-js": "bin/rsa-keygen.js"
      },
      "engines": {
        "node": ">=10.12"
      }
    },
    "node_modules/safe-replace": {
      "version": "1.1.0",
      "resolved": "https://registry.npmjs.org/safe-replace/-/safe-replace-1.1.0.tgz",
      "integrity": "sha512-9/V2E0CDsKs9DWOOwJH7jYpSl9S3N05uyevNjvsnDauBqRowBPOyot1fIvV5N2IuZAbYyvrTXrYFVG0RZInfFw=="
    }
  }
}
